
Microsoft Visual Studio Solution File, Format Version 12.00
# Visual Studio 15
VisualStudioVersion = 15.0.27703.2047
MinimumVisualStudioVersion = 10.0.40219.1
Project("{FAE04EC0-301F-11D3-BF4B-00C04F79EFBC}") = "ccbinst", "ccbinst\ccbinst.csproj", "{A08704D9-39DD-401F-B2E9-4CE49404D0C8}"
EndProject
Project("{FAE04EC0-301F-11D3-BF4B-00C04F79EFBC}") = "ccbprinc", "ccbprinc\ccbprinc.csproj", "{1FB10B3A-CFBD-485C-AD81-28BE3D4ACB69}"
EndProject
Project("{FAE04EC0-301F-11D3-BF4B-00C04F79EFBC}") = "entities", "entities\entities.csproj", "{538EDB2F-4AFA-41E6-B891-5FDD1D3B245A}"
EndProject
Project("{FAE04EC0-301F-11D3-BF4B-00C04F79EFBC}") = "ccbpess", "ccbpess\ccbpess.csproj", "{D6020838-429C-4BD8-8BE6-AE70A53C4CF9}"
EndProject
Project("{FAE04EC0-301F-11D3-BF4B-00C04F79EFBC}") = "ccbtest", "ccbtest\ccbtest.csproj", "{5FB2F9EC-F98D-4928-9DF2-8145A66D3ECA}"
EndProject
Project("{FAE04EC0-301F-11D3-BF4B-00C04F79EFBC}") = "ccbutil", "ccbutil\ccbutil.csproj", "{8E308619-1AA3-4CF5-867F-B866649C359D}"
EndProject
Project("{2150E333-8FDC-42A3-9474-1A3956D46DE8}") = "interface", "interface", "{9EFB5FCC-7BEA-4CD2-913E-CDAADC5D4039}"
EndProject
Project("{2150E333-8FDC-42A3-9474-1A3956D46DE8}") = "negocios", "negocios", "{E123A4F3-E86B-4C3C-81AB-B9CCC5C7EFE2}"
EndProject
Project("{2150E333-8FDC-42A3-9474-1A3956D46DE8}") = "dados", "dados", "{7D173F31-F925-4598-828F-53CA84DA45FB}"
EndProject
Project("{FAE04EC0-301F-11D3-BF4B-00C04F79EFBC}") = "dtest", "dtest\dtest.csproj", "{D1A97FD9-2F8A-4431-A489-A2B40BB97CBE}"
EndProject
Project("{FAE04EC0-301F-11D3-BF4B-00C04F79EFBC}") = "dconect", "dconect\dconect.csproj", "{770C4AA7-58CC-4FB3-81E1-07A323700E0B}"
EndProject
Project("{FAE04EC0-301F-11D3-BF4B-00C04F79EFBC}") = "dutil", "dutil\dutil.csproj", "{A836EF1F-382B-4B4E-81D5-342A5BA95FC6}"
EndProject
Project("{FAE04EC0-301F-11D3-BF4B-00C04F79EFBC}") = "dinst", "dinst\dinst.csproj", "{D009AAD6-D1D0-4EEB-B0B5-A7F385290BB4}"
EndProject
Project("{FAE04EC0-301F-11D3-BF4B-00C04F79EFBC}") = "binst", "binst\binst.csproj", "{38E61CF1-FD5F-402C-A381-7808BF90F805}"
EndProject
Project("{FAE04EC0-301F-11D3-BF4B-00C04F79EFBC}") = "bpess", "bpess\bpess.csproj", "{9C258944-C272-427A-B59C-139FD8C905D6}"
EndProject
Project("{FAE04EC0-301F-11D3-BF4B-00C04F79EFBC}") = "butil", "butil\butil.csproj", "{63C8B22B-8A1C-405E-AD2A-F4649D3570E1}"
EndProject
Project("{FAE04EC0-301F-11D3-BF4B-00C04F79EFBC}") = "btest", "btest\btest.csproj", "{9B077FA8-BE0F-400C-BF62-BF192C2342DA}"
EndProject
Project("{FAE04EC0-301F-11D3-BF4B-00C04F79EFBC}") = "dusua", "dusua\dusua.csproj", "{1D3EE8AE-EA2A-4463-BADE-FC820FB83F06}"
EndProject
Project("{FAE04EC0-301F-11D3-BF4B-00C04F79EFBC}") = "dpess", "dpess\dpess.csproj", "{48A29171-ABDE-4963-90DC-6C504D82A14F}"
EndProject
Project("{FAE04EC0-301F-11D3-BF4B-00C04F79EFBC}") = "busua", "busua\busua.csproj", "{AA265F7B-63D5-4B88-86BA-122ACBAD2E25}"
EndProject
Project("{FAE04EC0-301F-11D3-BF4B-00C04F79EFBC}") = "ccbconn", "ccbconn\ccbconn.csproj", "{6D3C5846-93B2-4FEA-8B4B-76247CAF9B24}"
EndProject
Project("{FAE04EC0-301F-11D3-BF4B-00C04F79EFBC}") = "ccbusua", "ccbusua\ccbusua.csproj", "{F67D418A-CF1A-429D-A305-440D44CD31F7}"
EndProject
Project("{FAE04EC0-301F-11D3-BF4B-00C04F79EFBC}") = "ccborq", "ccborq\ccborq.csproj", "{0D3E14A5-6985-4280-8803-9483748716C8}"
EndProject
Project("{FAE04EC0-301F-11D3-BF4B-00C04F79EFBC}") = "ccbimp", "ccbimp\ccbimp.csproj", "{8D04159A-284B-43A2-B56C-CA6127959B90}"
EndProject
Project("{FAE04EC0-301F-11D3-BF4B-00C04F79EFBC}") = "dimp", "dimp\dimp.csproj", "{889A6F17-34A5-4A03-BC91-667D18D8044C}"
EndProject
Project("{FAE04EC0-301F-11D3-BF4B-00C04F79EFBC}") = "bimp", "bimp\bimp.csproj", "{FD1063B4-1784-4FD7-9BE7-D36824908332}"
EndProject
Project("{FAE04EC0-301F-11D3-BF4B-00C04F79EFBC}") = "borq", "borq\borq.csproj", "{7B1A03E9-F95B-4748-957A-73E0B92BDA3B}"
EndProject
Project("{FAE04EC0-301F-11D3-BF4B-00C04F79EFBC}") = "ccbgem", "ccbgem\ccbgem.csproj", "{779E0DCE-6A22-47DF-810D-89EA666C606D}"
EndProject
Project("{FAE04EC0-301F-11D3-BF4B-00C04F79EFBC}") = "ccbrepess", "ccbrepess\ccbrepess.csproj", "{DD8DDFEE-0EC6-4625-9617-9582B4A5A6F5}"
EndProject
Project("{FAE04EC0-301F-11D3-BF4B-00C04F79EFBC}") = "daju", "daju\daju.csproj", "{176C1792-53F2-4F8C-9127-FBFFC6EDB9E8}"
EndProject
Project("{FAE04EC0-301F-11D3-BF4B-00C04F79EFBC}") = "baju", "baju\baju.csproj", "{864C78AE-D8CB-4E27-982A-D202781A319B}"
EndProject
Project("{FAE04EC0-301F-11D3-BF4B-00C04F79EFBC}") = "ccbaju", "ccbaju\ccbaju.csproj", "{15AD7FB5-9D82-4FF0-AE82-0BEE0555BBE2}"
EndProject
Project("{FAE04EC0-301F-11D3-BF4B-00C04F79EFBC}") = "ccbpessrs", "ccbpessrs\ccbpessrs.csproj", "{7ADD3993-E687-46A1-9DFE-59F0EC9E7AC2}"
EndProject
Project("{FAE04EC0-301F-11D3-BF4B-00C04F79EFBC}") = "ccbpessra", "ccbpessra\ccbpessra.csproj", "{50267302-5043-4AA0-9610-23E5A87B1EF7}"
EndProject
Project("{FAE04EC0-301F-11D3-BF4B-00C04F79EFBC}") = "ccbadm", "ccbadm\ccbadm.csproj", "{6F64A4D4-FAF1-41FE-A499-36107F974DA4}"
EndProject
Project("{FAE04EC0-301F-11D3-BF4B-00C04F79EFBC}") = "dadm", "dadm\dadm.csproj", "{812576BF-114D-4D6C-A818-2E46307DDF72}"
EndProject
Project("{FAE04EC0-301F-11D3-BF4B-00C04F79EFBC}") = "badm", "badm\badm.csproj", "{BF9BB35F-FC06-40E7-B379-5AC25429F3F1}"
EndProject
Project("{FAE04EC0-301F-11D3-BF4B-00C04F79EFBC}") = "ccbretest", "ccbretest\ccbretest.csproj", "{AFC40E6D-982E-4DFB-B4DA-B00F9AFC983E}"
EndProject
Project("{2150E333-8FDC-42A3-9474-1A3956D46DE8}") = "interfaceweb", "interfaceweb", "{17ACA64F-4E60-4C65-990B-88106C6B2412}"
EndProject
Project("{FAE04EC0-301F-11D3-BF4B-00C04F79EFBC}") = "ccbweb", "ccbweb\ccbweb.csproj", "{D42E020C-40C6-4848-944E-4C7502582C93}"
EndProject
Project("{FAE04EC0-301F-11D3-BF4B-00C04F79EFBC}") = "ccbreutil", "ccbreutil\ccbreutil.csproj", "{B1E464F6-368A-4726-93A3-B0E26F917BA7}"
EndProject
Project("{FAE04EC0-301F-11D3-BF4B-00C04F79EFBC}") = "ccbexp", "ccbexp\ccbexp.csproj", "{C643593F-979E-4398-A332-76E0DC13D0AE}"
EndProject
Project("{FAE04EC0-301F-11D3-BF4B-00C04F79EFBC}") = "ccbfun", "ccbfun\ccbfun.csproj", "{77174DD7-29C6-4CAF-910C-A895312ED355}"
EndProject
Project("{FAE04EC0-301F-11D3-BF4B-00C04F79EFBC}") = "ccbvalida", "ccbvalida\ccbvalida.csproj", "{F571BBC4-39B9-4BB4-8A2A-F4A663552346}"
EndProject
Project("{FAE04EC0-301F-11D3-BF4B-00C04F79EFBC}") = "bconect", "bconect\bconect.csproj", "{2735A2CE-B0CB-41D8-AE87-1DAED217BE2E}"
EndProject
Project("{FAE04EC0-301F-11D3-BF4B-00C04F79EFBC}") = "dexp", "dexp\dexp.csproj", "{8FDB1DE2-522B-4602-8932-F0E2C47F6DCB}"
EndProject
Project("{FAE04EC0-301F-11D3-BF4B-00C04F79EFBC}") = "bexp", "bexp\bexp.csproj", "{1D04373A-1757-49A0-A20A-DF89FBEA479E}"
EndProject
Global
	GlobalSection(SolutionConfigurationPlatforms) = preSolution
		Debug|Any CPU = Debug|Any CPU
		Release|Any CPU = Release|Any CPU
	EndGlobalSection
	GlobalSection(ProjectConfigurationPlatforms) = postSolution
		{A08704D9-39DD-401F-B2E9-4CE49404D0C8}.Debug|Any CPU.ActiveCfg = Debug|Any CPU
		{A08704D9-39DD-401F-B2E9-4CE49404D0C8}.Debug|Any CPU.Build.0 = Debug|Any CPU
		{A08704D9-39DD-401F-B2E9-4CE49404D0C8}.Release|Any CPU.ActiveCfg = Release|Any CPU
		{A08704D9-39DD-401F-B2E9-4CE49404D0C8}.Release|Any CPU.Build.0 = Release|Any CPU
		{1FB10B3A-CFBD-485C-AD81-28BE3D4ACB69}.Debug|Any CPU.ActiveCfg = Debug|Any CPU
		{1FB10B3A-CFBD-485C-AD81-28BE3D4ACB69}.Debug|Any CPU.Build.0 = Debug|Any CPU
		{1FB10B3A-CFBD-485C-AD81-28BE3D4ACB69}.Release|Any CPU.ActiveCfg = Release|Any CPU
		{1FB10B3A-CFBD-485C-AD81-28BE3D4ACB69}.Release|Any CPU.Build.0 = Release|Any CPU
		{538EDB2F-4AFA-41E6-B891-5FDD1D3B245A}.Debug|Any CPU.ActiveCfg = Debug|Any CPU
		{538EDB2F-4AFA-41E6-B891-5FDD1D3B245A}.Debug|Any CPU.Build.0 = Debug|Any CPU
		{538EDB2F-4AFA-41E6-B891-5FDD1D3B245A}.Release|Any CPU.ActiveCfg = Release|Any CPU
		{538EDB2F-4AFA-41E6-B891-5FDD1D3B245A}.Release|Any CPU.Build.0 = Release|Any CPU
		{D6020838-429C-4BD8-8BE6-AE70A53C4CF9}.Debug|Any CPU.ActiveCfg = Debug|Any CPU
		{D6020838-429C-4BD8-8BE6-AE70A53C4CF9}.Debug|Any CPU.Build.0 = Debug|Any CPU
		{D6020838-429C-4BD8-8BE6-AE70A53C4CF9}.Release|Any CPU.ActiveCfg = Release|Any CPU
		{D6020838-429C-4BD8-8BE6-AE70A53C4CF9}.Release|Any CPU.Build.0 = Release|Any CPU
		{5FB2F9EC-F98D-4928-9DF2-8145A66D3ECA}.Debug|Any CPU.ActiveCfg = Debug|Any CPU
		{5FB2F9EC-F98D-4928-9DF2-8145A66D3ECA}.Debug|Any CPU.Build.0 = Debug|Any CPU
		{5FB2F9EC-F98D-4928-9DF2-8145A66D3ECA}.Release|Any CPU.ActiveCfg = Release|Any CPU
		{5FB2F9EC-F98D-4928-9DF2-8145A66D3ECA}.Release|Any CPU.Build.0 = Release|Any CPU
		{8E308619-1AA3-4CF5-867F-B866649C359D}.Debug|Any CPU.ActiveCfg = Debug|Any CPU
		{8E308619-1AA3-4CF5-867F-B866649C359D}.Debug|Any CPU.Build.0 = Debug|Any CPU
		{8E308619-1AA3-4CF5-867F-B866649C359D}.Release|Any CPU.ActiveCfg = Release|Any CPU
		{8E308619-1AA3-4CF5-867F-B866649C359D}.Release|Any CPU.Build.0 = Release|Any CPU
		{D1A97FD9-2F8A-4431-A489-A2B40BB97CBE}.Debug|Any CPU.ActiveCfg = Debug|Any CPU
		{D1A97FD9-2F8A-4431-A489-A2B40BB97CBE}.Debug|Any CPU.Build.0 = Debug|Any CPU
		{D1A97FD9-2F8A-4431-A489-A2B40BB97CBE}.Release|Any CPU.ActiveCfg = Release|Any CPU
		{D1A97FD9-2F8A-4431-A489-A2B40BB97CBE}.Release|Any CPU.Build.0 = Release|Any CPU
		{770C4AA7-58CC-4FB3-81E1-07A323700E0B}.Debug|Any CPU.ActiveCfg = Debug|Any CPU
		{770C4AA7-58CC-4FB3-81E1-07A323700E0B}.Debug|Any CPU.Build.0 = Debug|Any CPU
		{770C4AA7-58CC-4FB3-81E1-07A323700E0B}.Release|Any CPU.ActiveCfg = Release|Any CPU
		{770C4AA7-58CC-4FB3-81E1-07A323700E0B}.Release|Any CPU.Build.0 = Release|Any CPU
		{A836EF1F-382B-4B4E-81D5-342A5BA95FC6}.Debug|Any CPU.ActiveCfg = Debug|Any CPU
		{A836EF1F-382B-4B4E-81D5-342A5BA95FC6}.Debug|Any CPU.Build.0 = Debug|Any CPU
		{A836EF1F-382B-4B4E-81D5-342A5BA95FC6}.Release|Any CPU.ActiveCfg = Release|Any CPU
		{A836EF1F-382B-4B4E-81D5-342A5BA95FC6}.Release|Any CPU.Build.0 = Release|Any CPU
		{D009AAD6-D1D0-4EEB-B0B5-A7F385290BB4}.Debug|Any CPU.ActiveCfg = Debug|Any CPU
		{D009AAD6-D1D0-4EEB-B0B5-A7F385290BB4}.Debug|Any CPU.Build.0 = Debug|Any CPU
		{D009AAD6-D1D0-4EEB-B0B5-A7F385290BB4}.Release|Any CPU.ActiveCfg = Release|Any CPU
		{D009AAD6-D1D0-4EEB-B0B5-A7F385290BB4}.Release|Any CPU.Build.0 = Release|Any CPU
		{38E61CF1-FD5F-402C-A381-7808BF90F805}.Debug|Any CPU.ActiveCfg = Debug|Any CPU
		{38E61CF1-FD5F-402C-A381-7808BF90F805}.Debug|Any CPU.Build.0 = Debug|Any CPU
		{38E61CF1-FD5F-402C-A381-7808BF90F805}.Release|Any CPU.ActiveCfg = Release|Any CPU
		{38E61CF1-FD5F-402C-A381-7808BF90F805}.Release|Any CPU.Build.0 = Release|Any CPU
		{9C258944-C272-427A-B59C-139FD8C905D6}.Debug|Any CPU.ActiveCfg = Debug|Any CPU
		{9C258944-C272-427A-B59C-139FD8C905D6}.Debug|Any CPU.Build.0 = Debug|Any CPU
		{9C258944-C272-427A-B59C-139FD8C905D6}.Release|Any CPU.ActiveCfg = Release|Any CPU
		{9C258944-C272-427A-B59C-139FD8C905D6}.Release|Any CPU.Build.0 = Release|Any CPU
		{63C8B22B-8A1C-405E-AD2A-F4649D3570E1}.Debug|Any CPU.ActiveCfg = Debug|Any CPU
		{63C8B22B-8A1C-405E-AD2A-F4649D3570E1}.Debug|Any CPU.Build.0 = Debug|Any CPU
		{63C8B22B-8A1C-405E-AD2A-F4649D3570E1}.Release|Any CPU.ActiveCfg = Release|Any CPU
		{63C8B22B-8A1C-405E-AD2A-F4649D3570E1}.Release|Any CPU.Build.0 = Release|Any CPU
		{9B077FA8-BE0F-400C-BF62-BF192C2342DA}.Debug|Any CPU.ActiveCfg = Debug|Any CPU
		{9B077FA8-BE0F-400C-BF62-BF192C2342DA}.Debug|Any CPU.Build.0 = Debug|Any CPU
		{9B077FA8-BE0F-400C-BF62-BF192C2342DA}.Release|Any CPU.ActiveCfg = Release|Any CPU
		{9B077FA8-BE0F-400C-BF62-BF192C2342DA}.Release|Any CPU.Build.0 = Release|Any CPU
		{1D3EE8AE-EA2A-4463-BADE-FC820FB83F06}.Debug|Any CPU.ActiveCfg = Debug|Any CPU
		{1D3EE8AE-EA2A-4463-BADE-FC820FB83F06}.Debug|Any CPU.Build.0 = Debug|Any CPU
		{1D3EE8AE-EA2A-4463-BADE-FC820FB83F06}.Release|Any CPU.ActiveCfg = Release|Any CPU
		{1D3EE8AE-EA2A-4463-BADE-FC820FB83F06}.Release|Any CPU.Build.0 = Release|Any CPU
		{48A29171-ABDE-4963-90DC-6C504D82A14F}.Debug|Any CPU.ActiveCfg = Debug|Any CPU
		{48A29171-ABDE-4963-90DC-6C504D82A14F}.Debug|Any CPU.Build.0 = Debug|Any CPU
		{48A29171-ABDE-4963-90DC-6C504D82A14F}.Release|Any CPU.ActiveCfg = Release|Any CPU
		{48A29171-ABDE-4963-90DC-6C504D82A14F}.Release|Any CPU.Build.0 = Release|Any CPU
		{AA265F7B-63D5-4B88-86BA-122ACBAD2E25}.Debug|Any CPU.ActiveCfg = Debug|Any CPU
		{AA265F7B-63D5-4B88-86BA-122ACBAD2E25}.Debug|Any CPU.Build.0 = Debug|Any CPU
		{AA265F7B-63D5-4B88-86BA-122ACBAD2E25}.Release|Any CPU.ActiveCfg = Release|Any CPU
		{AA265F7B-63D5-4B88-86BA-122ACBAD2E25}.Release|Any CPU.Build.0 = Release|Any CPU
		{6D3C5846-93B2-4FEA-8B4B-76247CAF9B24}.Debug|Any CPU.ActiveCfg = Debug|Any CPU
		{6D3C5846-93B2-4FEA-8B4B-76247CAF9B24}.Debug|Any CPU.Build.0 = Debug|Any CPU
		{6D3C5846-93B2-4FEA-8B4B-76247CAF9B24}.Release|Any CPU.ActiveCfg = Release|Any CPU
		{6D3C5846-93B2-4FEA-8B4B-76247CAF9B24}.Release|Any CPU.Build.0 = Release|Any CPU
		{F67D418A-CF1A-429D-A305-440D44CD31F7}.Debug|Any CPU.ActiveCfg = Debug|Any CPU
		{F67D418A-CF1A-429D-A305-440D44CD31F7}.Debug|Any CPU.Build.0 = Debug|Any CPU
		{F67D418A-CF1A-429D-A305-440D44CD31F7}.Release|Any CPU.ActiveCfg = Release|Any CPU
		{F67D418A-CF1A-429D-A305-440D44CD31F7}.Release|Any CPU.Build.0 = Release|Any CPU
		{0D3E14A5-6985-4280-8803-9483748716C8}.Debug|Any CPU.ActiveCfg = Debug|Any CPU
		{0D3E14A5-6985-4280-8803-9483748716C8}.Debug|Any CPU.Build.0 = Debug|Any CPU
		{0D3E14A5-6985-4280-8803-9483748716C8}.Release|Any CPU.ActiveCfg = Release|Any CPU
		{0D3E14A5-6985-4280-8803-9483748716C8}.Release|Any CPU.Build.0 = Release|Any CPU
		{8D04159A-284B-43A2-B56C-CA6127959B90}.Debug|Any CPU.ActiveCfg = Debug|Any CPU
		{8D04159A-284B-43A2-B56C-CA6127959B90}.Debug|Any CPU.Build.0 = Debug|Any CPU
		{8D04159A-284B-43A2-B56C-CA6127959B90}.Release|Any CPU.ActiveCfg = Release|Any CPU
		{8D04159A-284B-43A2-B56C-CA6127959B90}.Release|Any CPU.Build.0 = Release|Any CPU
		{889A6F17-34A5-4A03-BC91-667D18D8044C}.Debug|Any CPU.ActiveCfg = Debug|Any CPU
		{889A6F17-34A5-4A03-BC91-667D18D8044C}.Debug|Any CPU.Build.0 = Debug|Any CPU
		{889A6F17-34A5-4A03-BC91-667D18D8044C}.Release|Any CPU.ActiveCfg = Release|Any CPU
		{889A6F17-34A5-4A03-BC91-667D18D8044C}.Release|Any CPU.Build.0 = Release|Any CPU
		{FD1063B4-1784-4FD7-9BE7-D36824908332}.Debug|Any CPU.ActiveCfg = Debug|Any CPU
		{FD1063B4-1784-4FD7-9BE7-D36824908332}.Debug|Any CPU.Build.0 = Debug|Any CPU
		{FD1063B4-1784-4FD7-9BE7-D36824908332}.Release|Any CPU.ActiveCfg = Release|Any CPU
		{FD1063B4-1784-4FD7-9BE7-D36824908332}.Release|Any CPU.Build.0 = Release|Any CPU
		{7B1A03E9-F95B-4748-957A-73E0B92BDA3B}.Debug|Any CPU.ActiveCfg = Debug|Any CPU
		{7B1A03E9-F95B-4748-957A-73E0B92BDA3B}.Debug|Any CPU.Build.0 = Debug|Any CPU
		{7B1A03E9-F95B-4748-957A-73E0B92BDA3B}.Release|Any CPU.ActiveCfg = Release|Any CPU
		{7B1A03E9-F95B-4748-957A-73E0B92BDA3B}.Release|Any CPU.Build.0 = Release|Any CPU
		{779E0DCE-6A22-47DF-810D-89EA666C606D}.Debug|Any CPU.ActiveCfg = Debug|Any CPU
		{779E0DCE-6A22-47DF-810D-89EA666C606D}.Debug|Any CPU.Build.0 = Debug|Any CPU
		{779E0DCE-6A22-47DF-810D-89EA666C606D}.Release|Any CPU.ActiveCfg = Release|Any CPU
		{779E0DCE-6A22-47DF-810D-89EA666C606D}.Release|Any CPU.Build.0 = Release|Any CPU
		{DD8DDFEE-0EC6-4625-9617-9582B4A5A6F5}.Debug|Any CPU.ActiveCfg = Debug|Any CPU
		{DD8DDFEE-0EC6-4625-9617-9582B4A5A6F5}.Debug|Any CPU.Build.0 = Debug|Any CPU
		{DD8DDFEE-0EC6-4625-9617-9582B4A5A6F5}.Release|Any CPU.ActiveCfg = Release|Any CPU
		{DD8DDFEE-0EC6-4625-9617-9582B4A5A6F5}.Release|Any CPU.Build.0 = Release|Any CPU
		{176C1792-53F2-4F8C-9127-FBFFC6EDB9E8}.Debug|Any CPU.ActiveCfg = Debug|Any CPU
		{176C1792-53F2-4F8C-9127-FBFFC6EDB9E8}.Debug|Any CPU.Build.0 = Debug|Any CPU
		{176C1792-53F2-4F8C-9127-FBFFC6EDB9E8}.Release|Any CPU.ActiveCfg = Release|Any CPU
		{176C1792-53F2-4F8C-9127-FBFFC6EDB9E8}.Release|Any CPU.Build.0 = Release|Any CPU
		{864C78AE-D8CB-4E27-982A-D202781A319B}.Debug|Any CPU.ActiveCfg = Debug|Any CPU
		{864C78AE-D8CB-4E27-982A-D202781A319B}.Debug|Any CPU.Build.0 = Debug|Any CPU
		{864C78AE-D8CB-4E27-982A-D202781A319B}.Release|Any CPU.ActiveCfg = Release|Any CPU
		{864C78AE-D8CB-4E27-982A-D202781A319B}.Release|Any CPU.Build.0 = Release|Any CPU
		{15AD7FB5-9D82-4FF0-AE82-0BEE0555BBE2}.Debug|Any CPU.ActiveCfg = Debug|Any CPU
		{15AD7FB5-9D82-4FF0-AE82-0BEE0555BBE2}.Debug|Any CPU.Build.0 = Debug|Any CPU
		{15AD7FB5-9D82-4FF0-AE82-0BEE0555BBE2}.Release|Any CPU.ActiveCfg = Release|Any CPU
		{15AD7FB5-9D82-4FF0-AE82-0BEE0555BBE2}.Release|Any CPU.Build.0 = Release|Any CPU
		{7ADD3993-E687-46A1-9DFE-59F0EC9E7AC2}.Debug|Any CPU.ActiveCfg = Debug|Any CPU
		{7ADD3993-E687-46A1-9DFE-59F0EC9E7AC2}.Debug|Any CPU.Build.0 = Debug|Any CPU
		{7ADD3993-E687-46A1-9DFE-59F0EC9E7AC2}.Release|Any CPU.ActiveCfg = Release|Any CPU
		{7ADD3993-E687-46A1-9DFE-59F0EC9E7AC2}.Release|Any CPU.Build.0 = Release|Any CPU
		{50267302-5043-4AA0-9610-23E5A87B1EF7}.Debug|Any CPU.ActiveCfg = Debug|Any CPU
		{50267302-5043-4AA0-9610-23E5A87B1EF7}.Debug|Any CPU.Build.0 = Debug|Any CPU
		{50267302-5043-4AA0-9610-23E5A87B1EF7}.Release|Any CPU.ActiveCfg = Release|Any CPU
		{50267302-5043-4AA0-9610-23E5A87B1EF7}.Release|Any CPU.Build.0 = Release|Any CPU
		{6F64A4D4-FAF1-41FE-A499-36107F974DA4}.Debug|Any CPU.ActiveCfg = Debug|Any CPU
		{6F64A4D4-FAF1-41FE-A499-36107F974DA4}.Debug|Any CPU.Build.0 = Debug|Any CPU
		{6F64A4D4-FAF1-41FE-A499-36107F974DA4}.Release|Any CPU.ActiveCfg = Release|Any CPU
		{6F64A4D4-FAF1-41FE-A499-36107F974DA4}.Release|Any CPU.Build.0 = Release|Any CPU
		{812576BF-114D-4D6C-A818-2E46307DDF72}.Debug|Any CPU.ActiveCfg = Debug|Any CPU
		{812576BF-114D-4D6C-A818-2E46307DDF72}.Debug|Any CPU.Build.0 = Debug|Any CPU
		{812576BF-114D-4D6C-A818-2E46307DDF72}.Release|Any CPU.ActiveCfg = Release|Any CPU
		{812576BF-114D-4D6C-A818-2E46307DDF72}.Release|Any CPU.Build.0 = Release|Any CPU
		{BF9BB35F-FC06-40E7-B379-5AC25429F3F1}.Debug|Any CPU.ActiveCfg = Debug|Any CPU
		{BF9BB35F-FC06-40E7-B379-5AC25429F3F1}.Debug|Any CPU.Build.0 = Debug|Any CPU
		{BF9BB35F-FC06-40E7-B379-5AC25429F3F1}.Release|Any CPU.ActiveCfg = Release|Any CPU
		{BF9BB35F-FC06-40E7-B379-5AC25429F3F1}.Release|Any CPU.Build.0 = Release|Any CPU
		{AFC40E6D-982E-4DFB-B4DA-B00F9AFC983E}.Debug|Any CPU.ActiveCfg = Debug|Any CPU
		{AFC40E6D-982E-4DFB-B4DA-B00F9AFC983E}.Debug|Any CPU.Build.0 = Debug|Any CPU
		{AFC40E6D-982E-4DFB-B4DA-B00F9AFC983E}.Release|Any CPU.ActiveCfg = Release|Any CPU
		{AFC40E6D-982E-4DFB-B4DA-B00F9AFC983E}.Release|Any CPU.Build.0 = Release|Any CPU
		{D42E020C-40C6-4848-944E-4C7502582C93}.Debug|Any CPU.ActiveCfg = Debug|Any CPU
		{D42E020C-40C6-4848-944E-4C7502582C93}.Debug|Any CPU.Build.0 = Debug|Any CPU
		{D42E020C-40C6-4848-944E-4C7502582C93}.Release|Any CPU.ActiveCfg = Release|Any CPU
		{D42E020C-40C6-4848-944E-4C7502582C93}.Release|Any CPU.Build.0 = Release|Any CPU
		{B1E464F6-368A-4726-93A3-B0E26F917BA7}.Debug|Any CPU.ActiveCfg = Debug|Any CPU
		{B1E464F6-368A-4726-93A3-B0E26F917BA7}.Debug|Any CPU.Build.0 = Debug|Any CPU
		{B1E464F6-368A-4726-93A3-B0E26F917BA7}.Release|Any CPU.ActiveCfg = Release|Any CPU
		{B1E464F6-368A-4726-93A3-B0E26F917BA7}.Release|Any CPU.Build.0 = Release|Any CPU
		{C643593F-979E-4398-A332-76E0DC13D0AE}.Debug|Any CPU.ActiveCfg = Debug|Any CPU
		{C643593F-979E-4398-A332-76E0DC13D0AE}.Debug|Any CPU.Build.0 = Debug|Any CPU
		{C643593F-979E-4398-A332-76E0DC13D0AE}.Release|Any CPU.ActiveCfg = Release|Any CPU
		{C643593F-979E-4398-A332-76E0DC13D0AE}.Release|Any CPU.Build.0 = Release|Any CPU
		{77174DD7-29C6-4CAF-910C-A895312ED355}.Debug|Any CPU.ActiveCfg = Debug|Any CPU
		{77174DD7-29C6-4CAF-910C-A895312ED355}.Debug|Any CPU.Build.0 = Debug|Any CPU
		{77174DD7-29C6-4CAF-910C-A895312ED355}.Release|Any CPU.ActiveCfg = Release|Any CPU
		{77174DD7-29C6-4CAF-910C-A895312ED355}.Release|Any CPU.Build.0 = Release|Any CPU
		{F571BBC4-39B9-4BB4-8A2A-F4A663552346}.Debug|Any CPU.ActiveCfg = Debug|Any CPU
		{F571BBC4-39B9-4BB4-8A2A-F4A663552346}.Debug|Any CPU.Build.0 = Debug|Any CPU
		{F571BBC4-39B9-4BB4-8A2A-F4A663552346}.Release|Any CPU.ActiveCfg = Release|Any CPU
		{F571BBC4-39B9-4BB4-8A2A-F4A663552346}.Release|Any CPU.Build.0 = Release|Any CPU
		{2735A2CE-B0CB-41D8-AE87-1DAED217BE2E}.Debug|Any CPU.ActiveCfg = Debug|Any CPU
		{2735A2CE-B0CB-41D8-AE87-1DAED217BE2E}.Debug|Any CPU.Build.0 = Debug|Any CPU
		{2735A2CE-B0CB-41D8-AE87-1DAED217BE2E}.Release|Any CPU.ActiveCfg = Release|Any CPU
		{2735A2CE-B0CB-41D8-AE87-1DAED217BE2E}.Release|Any CPU.Build.0 = Release|Any CPU
		{8FDB1DE2-522B-4602-8932-F0E2C47F6DCB}.Debug|Any CPU.ActiveCfg = Debug|Any CPU
		{8FDB1DE2-522B-4602-8932-F0E2C47F6DCB}.Debug|Any CPU.Build.0 = Debug|Any CPU
		{8FDB1DE2-522B-4602-8932-F0E2C47F6DCB}.Release|Any CPU.ActiveCfg = Release|Any CPU
		{8FDB1DE2-522B-4602-8932-F0E2C47F6DCB}.Release|Any CPU.Build.0 = Release|Any CPU
		{1D04373A-1757-49A0-A20A-DF89FBEA479E}.Debug|Any CPU.ActiveCfg = Debug|Any CPU
		{1D04373A-1757-49A0-A20A-DF89FBEA479E}.Debug|Any CPU.Build.0 = Debug|Any CPU
		{1D04373A-1757-49A0-A20A-DF89FBEA479E}.Release|Any CPU.ActiveCfg = Release|Any CPU
		{1D04373A-1757-49A0-A20A-DF89FBEA479E}.Release|Any CPU.Build.0 = Release|Any CPU
	EndGlobalSection
	GlobalSection(SolutionProperties) = preSolution
		HideSolutionNode = FALSE
	EndGlobalSection
	GlobalSection(NestedProjects) = preSolution
		{A08704D9-39DD-401F-B2E9-4CE49404D0C8} = {9EFB5FCC-7BEA-4CD2-913E-CDAADC5D4039}
		{1FB10B3A-CFBD-485C-AD81-28BE3D4ACB69} = {9EFB5FCC-7BEA-4CD2-913E-CDAADC5D4039}
		{538EDB2F-4AFA-41E6-B891-5FDD1D3B245A} = {7D173F31-F925-4598-828F-53CA84DA45FB}
		{D6020838-429C-4BD8-8BE6-AE70A53C4CF9} = {9EFB5FCC-7BEA-4CD2-913E-CDAADC5D4039}
		{5FB2F9EC-F98D-4928-9DF2-8145A66D3ECA} = {9EFB5FCC-7BEA-4CD2-913E-CDAADC5D4039}
		{8E308619-1AA3-4CF5-867F-B866649C359D} = {9EFB5FCC-7BEA-4CD2-913E-CDAADC5D4039}
		{D1A97FD9-2F8A-4431-A489-A2B40BB97CBE} = {7D173F31-F925-4598-828F-53CA84DA45FB}
		{770C4AA7-58CC-4FB3-81E1-07A323700E0B} = {7D173F31-F925-4598-828F-53CA84DA45FB}
		{A836EF1F-382B-4B4E-81D5-342A5BA95FC6} = {7D173F31-F925-4598-828F-53CA84DA45FB}
		{D009AAD6-D1D0-4EEB-B0B5-A7F385290BB4} = {7D173F31-F925-4598-828F-53CA84DA45FB}
		{38E61CF1-FD5F-402C-A381-7808BF90F805} = {E123A4F3-E86B-4C3C-81AB-B9CCC5C7EFE2}
		{9C258944-C272-427A-B59C-139FD8C905D6} = {E123A4F3-E86B-4C3C-81AB-B9CCC5C7EFE2}
		{63C8B22B-8A1C-405E-AD2A-F4649D3570E1} = {E123A4F3-E86B-4C3C-81AB-B9CCC5C7EFE2}
		{9B077FA8-BE0F-400C-BF62-BF192C2342DA} = {E123A4F3-E86B-4C3C-81AB-B9CCC5C7EFE2}
		{1D3EE8AE-EA2A-4463-BADE-FC820FB83F06} = {7D173F31-F925-4598-828F-53CA84DA45FB}
		{48A29171-ABDE-4963-90DC-6C504D82A14F} = {7D173F31-F925-4598-828F-53CA84DA45FB}
		{AA265F7B-63D5-4B88-86BA-122ACBAD2E25} = {E123A4F3-E86B-4C3C-81AB-B9CCC5C7EFE2}
		{6D3C5846-93B2-4FEA-8B4B-76247CAF9B24} = {9EFB5FCC-7BEA-4CD2-913E-CDAADC5D4039}
		{F67D418A-CF1A-429D-A305-440D44CD31F7} = {9EFB5FCC-7BEA-4CD2-913E-CDAADC5D4039}
		{0D3E14A5-6985-4280-8803-9483748716C8} = {9EFB5FCC-7BEA-4CD2-913E-CDAADC5D4039}
		{8D04159A-284B-43A2-B56C-CA6127959B90} = {9EFB5FCC-7BEA-4CD2-913E-CDAADC5D4039}
		{889A6F17-34A5-4A03-BC91-667D18D8044C} = {7D173F31-F925-4598-828F-53CA84DA45FB}
		{FD1063B4-1784-4FD7-9BE7-D36824908332} = {E123A4F3-E86B-4C3C-81AB-B9CCC5C7EFE2}
		{7B1A03E9-F95B-4748-957A-73E0B92BDA3B} = {E123A4F3-E86B-4C3C-81AB-B9CCC5C7EFE2}
		{779E0DCE-6A22-47DF-810D-89EA666C606D} = {9EFB5FCC-7BEA-4CD2-913E-CDAADC5D4039}
		{DD8DDFEE-0EC6-4625-9617-9582B4A5A6F5} = {9EFB5FCC-7BEA-4CD2-913E-CDAADC5D4039}
		{176C1792-53F2-4F8C-9127-FBFFC6EDB9E8} = {7D173F31-F925-4598-828F-53CA84DA45FB}
		{864C78AE-D8CB-4E27-982A-D202781A319B} = {E123A4F3-E86B-4C3C-81AB-B9CCC5C7EFE2}
		{15AD7FB5-9D82-4FF0-AE82-0BEE0555BBE2} = {9EFB5FCC-7BEA-4CD2-913E-CDAADC5D4039}
		{7ADD3993-E687-46A1-9DFE-59F0EC9E7AC2} = {9EFB5FCC-7BEA-4CD2-913E-CDAADC5D4039}
		{50267302-5043-4AA0-9610-23E5A87B1EF7} = {9EFB5FCC-7BEA-4CD2-913E-CDAADC5D4039}
		{6F64A4D4-FAF1-41FE-A499-36107F974DA4} = {9EFB5FCC-7BEA-4CD2-913E-CDAADC5D4039}
		{812576BF-114D-4D6C-A818-2E46307DDF72} = {7D173F31-F925-4598-828F-53CA84DA45FB}
		{BF9BB35F-FC06-40E7-B379-5AC25429F3F1} = {E123A4F3-E86B-4C3C-81AB-B9CCC5C7EFE2}
		{AFC40E6D-982E-4DFB-B4DA-B00F9AFC983E} = {9EFB5FCC-7BEA-4CD2-913E-CDAADC5D4039}
		{D42E020C-40C6-4848-944E-4C7502582C93} = {17ACA64F-4E60-4C65-990B-88106C6B2412}
		{B1E464F6-368A-4726-93A3-B0E26F917BA7} = {9EFB5FCC-7BEA-4CD2-913E-CDAADC5D4039}
		{C643593F-979E-4398-A332-76E0DC13D0AE} = {9EFB5FCC-7BEA-4CD2-913E-CDAADC5D4039}
		{77174DD7-29C6-4CAF-910C-A895312ED355} = {E123A4F3-E86B-4C3C-81AB-B9CCC5C7EFE2}
		{F571BBC4-39B9-4BB4-8A2A-F4A663552346} = {E123A4F3-E86B-4C3C-81AB-B9CCC5C7EFE2}
		{2735A2CE-B0CB-41D8-AE87-1DAED217BE2E} = {E123A4F3-E86B-4C3C-81AB-B9CCC5C7EFE2}
		{8FDB1DE2-522B-4602-8932-F0E2C47F6DCB} = {7D173F31-F925-4598-828F-53CA84DA45FB}
		{1D04373A-1757-49A0-A20A-DF89FBEA479E} = {E123A4F3-E86B-4C3C-81AB-B9CCC5C7EFE2}
	EndGlobalSection
	GlobalSection(ExtensibilityGlobals) = postSolution
		SolutionGuid = {C7E2FFE7-A1BF-4006-9047-83D45DFB16F8}
	EndGlobalSection
EndGlobal
